
Microsoft Visual Studio Solution File, Format Version 12.00
# Visual Studio Version 17
VisualStudioVersion = 17.10.35122.118
MinimumVisualStudioVersion = 10.0.40219.1
Project("{FAE04EC0-301F-11D3-BF4B-00C04F79EFBC}") = "WebApplication", "WebApplication\WebApplication.csproj", "{D6655C7E-22E8-4F24-A362-E61B1A82C097}"
EndProject
Global
	GlobalSection(SolutionConfigurationPlatforms) = preSolution
		Debug|Any CPU = Debug|Any CPU
		Release|Any CPU = Release|Any CPU
	EndGlobalSection
	GlobalSection(ProjectConfigurationPlatforms) = postSolution
		{D6655C7E-22E8-4F24-A362-E61B1A82C097}.Debug|Any CPU.ActiveCfg = Debug|Any CPU
		{D6655C7E-22E8-4F24-A362-E61B1A82C097}.Debug|Any CPU.Build.0 = Debug|Any CPU
		{D6655C7E-22E8-4F24-A362-E61B1A82C097}.Release|Any CPU.ActiveCfg = Release|Any CPU
		{D6655C7E-22E8-4F24-A362-E61B1A82C097}.Release|Any CPU.Build.0 = Release|Any CPU
	EndGlobalSection
	GlobalSection(SolutionProperties) = preSolution
		HideSolutionNode = FALSE
	EndGlobalSection
	GlobalSection(ExtensibilityGlobals) = postSolution
		SolutionGuid = {6A24DFB6-29E2-4987-9DC2-74BD56C03BEC}
	EndGlobalSection
EndGlobal
